<?xml version="1.0" encoding="UTF-8" standalone="yes" ?>
<CodeBlocks_project_file>
	<FileVersion major="1" minor="6" />
	<Project>
		<Option title="VulkanEngine" />
		<Option pch_mode="2" />
		<Option compiler="gcc" />
		<Build>
			<Target title="Debug">
				<Option output="bin/Debug/VulkanEngine" prefix_auto="1" extension_auto="1" />
				<Option working_dir="../../../x64/Release" />
				<Option object_output="obj/Debug/" />
				<Option type="1" />
				<Option compiler="gcc" />
				<Compiler>
					<Add option="-std=c17" />
					<Add option="-g" />
				</Compiler>
			</Target>
			<Target title="Release">
				<Option output="bin/Release/VulkanEngine" prefix_auto="1" extension_auto="1" />
				<Option working_dir="../../../x64/Release" />
				<Option object_output="obj/Release/" />
				<Option type="1" />
				<Option compiler="gcc" />
				<Compiler>
					<Add option="-O2" />
				</Compiler>
				<Linker>
					<Add option="-s" />
				</Linker>
			</Target>
		</Build>
		<Compiler>
			<Add option="-Wall" />
			<Add option="-fexceptions" />
			<Add directory="include/cgltf-1.15" />
			<Add directory="include/glfw-3.4/include" />
			<Add directory="include/imgui-1.91.8" />
			<Add directory="include/lua-5.4.7/src" />
			<Add directory="include/stb_image" />
			<Add directory="include/vulkan" />
			<Add directory="include/miniaudio" />
		</Compiler>
		<Linker>
			<Add library="lib/linux-mint/vulkan/libvulkan.so" />
			<Add library="lib/linux-mint/lua-5.4.8/liblua.a" />
			<Add library="lib/linux-mint/glfw-3.4/libglfw3.a" />
		</Linker>
		<Unit filename="BackendUtils.cpp" />
		<Unit filename="VulkanBackend.cpp" />
		<Unit filename="engine.cpp" />
		<Unit filename="engineUtils.cpp" />
		<Unit filename="include/imgui-1.91.8/imgui.cpp" />
		<Unit filename="include/imgui-1.91.8/imgui_draw.cpp" />
		<Unit filename="include/imgui-1.91.8/imgui_impl_glfw.cpp" />
		<Unit filename="include/imgui-1.91.8/imgui_impl_vulkan.cpp" />
		<Unit filename="include/imgui-1.91.8/imgui_tables.cpp" />
		<Unit filename="include/imgui-1.91.8/imgui_widgets.cpp" />
		<Unit filename="include/miniaudio/miniaudio.c">
			<Option compilerVar="CC" />
		</Unit>
		<Unit filename="luaImGuiLib.cpp" />
		<Unit filename="luaSoundLib.cpp" />
		<Unit filename="luaUtils.cpp" />
		<Unit filename="luafunctions.cpp" />
		<Unit filename="main.cpp" />
		<Unit filename="sound.cpp" />
		<Extensions />
	</Project>
</CodeBlocks_project_file>
